
Microsoft Visual Studio Solution File, Format Version 12.00
# Visual Studio Version 17
VisualStudioVersion = 17.14.36705.20 d17.14
MinimumVisualStudioVersion = 10.0.40219.1
Project("{FAE04EC0-301F-11D3-BF4B-00C04F79EFBC}") = "WebApplication4", "WebApplication4\WebApplication4.csproj", "{CC69D299-9EBB-4B10-86FF-385FA65165D2}"
EndProject
Global
	GlobalSection(SolutionConfigurationPlatforms) = preSolution
		Debug|Any CPU = Debug|Any CPU
		Release|Any CPU = Release|Any CPU
	EndGlobalSection
	GlobalSection(ProjectConfigurationPlatforms) = postSolution
		{CC69D299-9EBB-4B10-86FF-385FA65165D2}.Debug|Any CPU.ActiveCfg = Debug|Any CPU
		{CC69D299-9EBB-4B10-86FF-385FA65165D2}.Debug|Any CPU.Build.0 = Debug|Any CPU
		{CC69D299-9EBB-4B10-86FF-385FA65165D2}.Release|Any CPU.ActiveCfg = Release|Any CPU
		{CC69D299-9EBB-4B10-86FF-385FA65165D2}.Release|Any CPU.Build.0 = Release|Any CPU
	EndGlobalSection
	GlobalSection(SolutionProperties) = preSolution
		HideSolutionNode = FALSE
	EndGlobalSection
	GlobalSection(ExtensibilityGlobals) = postSolution
		SolutionGuid = {8BD959B9-0BC1-4A5E-8A45-82F72801250A}
	EndGlobalSection
EndGlobal
